
Microsoft Visual Studio Solution File, Format Version 12.00
# Visual Studio Version 16
VisualStudioVersion = 16.0.30204.135
MinimumVisualStudioVersion = 10.0.40219.1
Project("{FAE04EC0-301F-11D3-BF4B-00C04F79EFBC}") = "Automated Working Place", "Automated Working Place.csproj", "{F002A793-BD29-4745-B0A3-0A709B58B670}"
EndProject
Global
	GlobalSection(SolutionConfigurationPlatforms) = preSolution
		Debug|Any CPU = Debug|Any CPU
		Release|Any CPU = Release|Any CPU
	EndGlobalSection
	GlobalSection(ProjectConfigurationPlatforms) = postSolution
		{F002A793-BD29-4745-B0A3-0A709B58B670}.Debug|Any CPU.ActiveCfg = Debug|Any CPU
		{F002A793-BD29-4745-B0A3-0A709B58B670}.Debug|Any CPU.Build.0 = Debug|Any CPU
		{F002A793-BD29-4745-B0A3-0A709B58B670}.Release|Any CPU.ActiveCfg = Release|Any CPU
		{F002A793-BD29-4745-B0A3-0A709B58B670}.Release|Any CPU.Build.0 = Release|Any CPU
	EndGlobalSection
	GlobalSection(SolutionProperties) = preSolution
		HideSolutionNode = FALSE
	EndGlobalSection
	GlobalSection(ExtensibilityGlobals) = postSolution
		SolutionGuid = {998899B6-A219-4CD4-B121-365922836305}
	EndGlobalSection
EndGlobal
